// !$*UTF8*$!
{
	archiveVersion = 1;
	classes = {
	};
	objectVersion = 46;
	objects = {

/* Begin PBXBuildFile section */
		14B062FD1EE92C5E009F86AF /* main.m in Sources */ = {isa = PBXBuildFile; fileRef = 14B062FC1EE92C5E009F86AF /* main.m */; };
		14B063001EE92C5E009F86AF /* AppDelegate.m in Sources */ = {isa = PBXBuildFile; fileRef = 14B062FF1EE92C5E009F86AF /* AppDelegate.m */; };
		14B063031EE92C5F009F86AF /* ViewController.m in Sources */ = {isa = PBXBuildFile; fileRef = 14B063021EE92C5F009F86AF /* ViewController.m */; };
		14B063061EE92C5F009F86AF /* Main.storyboard in Resources */ = {isa = PBXBuildFile; fileRef = 14B063041EE92C5F009F86AF /* Main.storyboard */; };
		14B063081EE92C5F009F86AF /* Assets.xcassets in Resources */ = {isa = PBXBuildFile; fileRef = 14B063071EE92C5F009F86AF /* Assets.xcassets */; };
		14B0630B1EE92C5F009F86AF /* LaunchScreen.storyboard in Resources */ = {isa = PBXBuildFile; fileRef = 14B063091EE92C5F009F86AF /* LaunchScreen.storyboard */; };
		14B063631EE92E1E009F86AF /* UIView+Frame.m in Sources */ = {isa = PBXBuildFile; fileRef = 14B0632A1EE92E1E009F86AF /* UIView+Frame.m */; };
		14B063641EE92E1E009F86AF /* YJCommonTableStyleConfig.m in Sources */ = {isa = PBXBuildFile; fileRef = 14B0632E1EE92E1E009F86AF /* YJCommonTableStyleConfig.m */; };
		14B063651EE92E1E009F86AF /* YJCommonTableViewController.m in Sources */ = {isa = PBXBuildFile; fileRef = 14B063311EE92E1E009F86AF /* YJCommonTableViewController.m */; };
		14B063661EE92E1E009F86AF /* YJCommonGroup.m in Sources */ = {isa = PBXBuildFile; fileRef = 14B063341EE92E1E009F86AF /* YJCommonGroup.m */; };
		14B063671EE92E1E009F86AF /* YJCommonItem.m in Sources */ = {isa = PBXBuildFile; fileRef = 14B063361EE92E1E009F86AF /* YJCommonItem.m */; };
		14B063681EE92E1E009F86AF /* YJCustomTable.bundle in Resources */ = {isa = PBXBuildFile; fileRef = 14B063381EE92E1E009F86AF /* YJCustomTable.bundle */; };
		14B063691EE92E1E009F86AF /* YJBadgeButton.m in Sources */ = {isa = PBXBuildFile; fileRef = 14B0633B1EE92E1E009F86AF /* YJBadgeButton.m */; };
		14B0636A1EE92E1E009F86AF /* YJCommonBaseCell.m in Sources */ = {isa = PBXBuildFile; fileRef = 14B0633D1EE92E1E009F86AF /* YJCommonBaseCell.m */; };
		14B0636B1EE92E1E009F86AF /* YJCommonCell.m in Sources */ = {isa = PBXBuildFile; fileRef = 14B0633F1EE92E1E009F86AF /* YJCommonCell.m */; };
		14B0636C1EE92E1E009F86AF /* YJCommonCustomCell.m in Sources */ = {isa = PBXBuildFile; fileRef = 14B063411EE92E1E009F86AF /* YJCommonCustomCell.m */; };
		14B0636D1EE92E1E009F86AF /* YJCommonTableView.m in Sources */ = {isa = PBXBuildFile; fileRef = 14B063431EE92E1E009F86AF /* YJCommonTableView.m */; };
		14B0636E1EE92E1E009F86AF /* YJFormTableStyleConfig.m in Sources */ = {isa = PBXBuildFile; fileRef = 14B063471EE92E1E009F86AF /* YJFormTableStyleConfig.m */; };
		14B0636F1EE92E1E009F86AF /* YJFormTableViewController.m in Sources */ = {isa = PBXBuildFile; fileRef = 14B0634A1EE92E1E009F86AF /* YJFormTableViewController.m */; };
		14B063701EE92E1E009F86AF /* YJFormGroup.m in Sources */ = {isa = PBXBuildFile; fileRef = 14B0634D1EE92E1E009F86AF /* YJFormGroup.m */; };
		14B063711EE92E1E009F86AF /* YJFormItem.m in Sources */ = {isa = PBXBuildFile; fileRef = 14B0634F1EE92E1E009F86AF /* YJFormItem.m */; };
		14B063721EE92E1E009F86AF /* YJFormBaseCell.m in Sources */ = {isa = PBXBuildFile; fileRef = 14B063521EE92E1E009F86AF /* YJFormBaseCell.m */; };
		14B063731EE92E1E009F86AF /* YJFormCustomCell.m in Sources */ = {isa = PBXBuildFile; fileRef = 14B063541EE92E1E009F86AF /* YJFormCustomCell.m */; };
		14B063741EE92E1E009F86AF /* YJFormTableView.m in Sources */ = {isa = PBXBuildFile; fileRef = 14B063561EE92E1E009F86AF /* YJFormTableView.m */; };
		14B063751EE92E1E009F86AF /* YJFormTFCell.m in Sources */ = {isa = PBXBuildFile; fileRef = 14B063581EE92E1E009F86AF /* YJFormTFCell.m */; };
		14B063781EE930BD009F86AF /* YJCenterButtonCell.m in Sources */ = {isa = PBXBuildFile; fileRef = 14B063771EE930BD009F86AF /* YJCenterButtonCell.m */; };
		14B063911EE9339B009F86AF /* RegisterFormModel.m in Sources */ = {isa = PBXBuildFile; fileRef = 14B0637F1EE9339B009F86AF /* RegisterFormModel.m */; };
		14B063921EE9339B009F86AF /* RegisterViewController.m in Sources */ = {isa = PBXBuildFile; fileRef = 14B063811EE9339B009F86AF /* RegisterViewController.m */; };
		14B063931EE9339B009F86AF /* FontsizeViewController.m in Sources */ = {isa = PBXBuildFile; fileRef = 14B063841EE9339B009F86AF /* FontsizeViewController.m */; };
		14B063941EE9339B009F86AF /* GeneralViewController.m in Sources */ = {isa = PBXBuildFile; fileRef = 14B063861EE9339B009F86AF /* GeneralViewController.m */; };
		14B063951EE9339B009F86AF /* IconQualityViewController.m in Sources */ = {isa = PBXBuildFile; fileRef = 14B063881EE9339B009F86AF /* IconQualityViewController.m */; };
		14B063961EE9339B009F86AF /* LanguageViewController.m in Sources */ = {isa = PBXBuildFile; fileRef = 14B0638A1EE9339B009F86AF /* LanguageViewController.m */; };
		14B063971EE9339B009F86AF /* NotificationViewController.m in Sources */ = {isa = PBXBuildFile; fileRef = 14B0638C1EE9339B009F86AF /* NotificationViewController.m */; };
		14B063981EE9339B009F86AF /* ReadModeViewController.m in Sources */ = {isa = PBXBuildFile; fileRef = 14B0638E1EE9339B009F86AF /* ReadModeViewController.m */; };
		14B063991EE9339B009F86AF /* SettingViewController.m in Sources */ = {isa = PBXBuildFile; fileRef = 14B063901EE9339B009F86AF /* SettingViewController.m */; };
/* End PBXBuildFile section */

/* Begin PBXFileReference section */
		14B062F81EE92C5E009F86AF /* YJTemplateTableExample.app */ = {isa = PBXFileReference; explicitFileType = wrapper.application; includeInIndex = 0; path = YJTemplateTableExample.app; sourceTree = BUILT_PRODUCTS_DIR; };
		14B062FC1EE92C5E009F86AF /* main.m */ = {isa = PBXFileReference; lastKnownFileType = sourcecode.c.objc; path = main.m; sourceTree = "<group>"; };
		14B062FE1EE92C5E009F86AF /* AppDelegate.h */ = {isa = PBXFileReference; lastKnownFileType = sourcecode.c.h; path = AppDelegate.h; sourceTree = "<group>"; };
		14B062FF1EE92C5E009F86AF /* AppDelegate.m */ = {isa = PBXFileReference; lastKnownFileType = sourcecode.c.objc; path = AppDelegate.m; sourceTree = "<group>"; };
		14B063011EE92C5E009F86AF /* ViewController.h */ = {isa = PBXFileReference; lastKnownFileType = sourcecode.c.h; path = ViewController.h; sourceTree = "<group>"; };
		14B063021EE92C5F009F86AF /* ViewController.m */ = {isa = PBXFileReference; lastKnownFileType = sourcecode.c.objc; path = ViewController.m; sourceTree = "<group>"; };
		14B063051EE92C5F009F86AF /* Base */ = {isa = PBXFileReference; lastKnownFileType = file.storyboard; name = Base; path = Base.lproj/Main.storyboard; sourceTree = "<group>"; };
		14B063071EE92C5F009F86AF /* Assets.xcassets */ = {isa = PBXFileReference; lastKnownFileType = folder.assetcatalog; path = Assets.xcassets; sourceTree = "<group>"; };
		14B0630A1EE92C5F009F86AF /* Base */ = {isa = PBXFileReference; lastKnownFileType = file.storyboard; name = Base; path = Base.lproj/LaunchScreen.storyboard; sourceTree = "<group>"; };
		14B0630C1EE92C5F009F86AF /* Info.plist */ = {isa = PBXFileReference; lastKnownFileType = text.plist.xml; path = Info.plist; sourceTree = "<group>"; };
		14B063291EE92E1E009F86AF /* UIView+Frame.h */ = {isa = PBXFileReference; fileEncoding = 4; lastKnownFileType = sourcecode.c.h; path = "UIView+Frame.h"; sourceTree = "<group>"; };
		14B0632A1EE92E1E009F86AF /* UIView+Frame.m */ = {isa = PBXFileReference; fileEncoding = 4; lastKnownFileType = sourcecode.c.objc; path = "UIView+Frame.m"; sourceTree = "<group>"; };
		14B0632D1EE92E1E009F86AF /* YJCommonTableStyleConfig.h */ = {isa = PBXFileReference; fileEncoding = 4; lastKnownFileType = sourcecode.c.h; path = YJCommonTableStyleConfig.h; sourceTree = "<group>"; };
		14B0632E1EE92E1E009F86AF /* YJCommonTableStyleConfig.m */ = {isa = PBXFileReference; fileEncoding = 4; lastKnownFileType = sourcecode.c.objc; path = YJCommonTableStyleConfig.m; sourceTree = "<group>"; };
		14B063301EE92E1E009F86AF /* YJCommonTableViewController.h */ = {isa = PBXFileReference; fileEncoding = 4; lastKnownFileType = sourcecode.c.h; path = YJCommonTableViewController.h; sourceTree = "<group>"; };
		14B063311EE92E1E009F86AF /* YJCommonTableViewController.m */ = {isa = PBXFileReference; fileEncoding = 4; lastKnownFileType = sourcecode.c.objc; path = YJCommonTableViewController.m; sourceTree = "<group>"; };
		14B063331EE92E1E009F86AF /* YJCommonGroup.h */ = {isa = PBXFileReference; fileEncoding = 4; lastKnownFileType = sourcecode.c.h; path = YJCommonGroup.h; sourceTree = "<group>"; };
		14B063341EE92E1E009F86AF /* YJCommonGroup.m */ = {isa = PBXFileReference; fileEncoding = 4; lastKnownFileType = sourcecode.c.objc; path = YJCommonGroup.m; sourceTree = "<group>"; };
		14B063351EE92E1E009F86AF /* YJCommonItem.h */ = {isa = PBXFileReference; fileEncoding = 4; lastKnownFileType = sourcecode.c.h; path = YJCommonItem.h; sourceTree = "<group>"; };
		14B063361EE92E1E009F86AF /* YJCommonItem.m */ = {isa = PBXFileReference; fileEncoding = 4; lastKnownFileType = sourcecode.c.objc; path = YJCommonItem.m; sourceTree = "<group>"; };
		14B063381EE92E1E009F86AF /* YJCustomTable.bundle */ = {isa = PBXFileReference; lastKnownFileType = "wrapper.plug-in"; path = YJCustomTable.bundle; sourceTree = "<group>"; };
		14B0633A1EE92E1E009F86AF /* YJBadgeButton.h */ = {isa = PBXFileReference; fileEncoding = 4; lastKnownFileType = sourcecode.c.h; path = YJBadgeButton.h; sourceTree = "<group>"; };
		14B0633B1EE92E1E009F86AF /* YJBadgeButton.m */ = {isa = PBXFileReference; fileEncoding = 4; lastKnownFileType = sourcecode.c.objc; path = YJBadgeButton.m; sourceTree = "<group>"; };
		14B0633C1EE92E1E009F86AF /* YJCommonBaseCell.h */ = {isa = PBXFileReference; fileEncoding = 4; lastKnownFileType = sourcecode.c.h; path = YJCommonBaseCell.h; sourceTree = "<group>"; };
		14B0633D1EE92E1E009F86AF /* YJCommonBaseCell.m */ = {isa = PBXFileReference; fileEncoding = 4; lastKnownFileType = sourcecode.c.objc; path = YJCommonBaseCell.m; sourceTree = "<group>"; };
		14B0633E1EE92E1E009F86AF /* YJCommonCell.h */ = {isa = PBXFileReference; fileEncoding = 4; lastKnownFileType = sourcecode.c.h; path = YJCommonCell.h; sourceTree = "<group>"; };
		14B0633F1EE92E1E009F86AF /* YJCommonCell.m */ = {isa = PBXFileReference; fileEncoding = 4; lastKnownFileType = sourcecode.c.objc; path = YJCommonCell.m; sourceTree = "<group>"; };
		14B063401EE92E1E009F86AF /* YJCommonCustomCell.h */ = {isa = PBXFileReference; fileEncoding = 4; lastKnownFileType = sourcecode.c.h; path = YJCommonCustomCell.h; sourceTree = "<group>"; };
		14B063411EE92E1E009F86AF /* YJCommonCustomCell.m */ = {isa = PBXFileReference; fileEncoding = 4; lastKnownFileType = sourcecode.c.objc; path = YJCommonCustomCell.m; sourceTree = "<group>"; };
		14B063421EE92E1E009F86AF /* YJCommonTableView.h */ = {isa = PBXFileReference; fileEncoding = 4; lastKnownFileType = sourcecode.c.h; path = YJCommonTableView.h; sourceTree = "<group>"; };
		14B063431EE92E1E009F86AF /* YJCommonTableView.m */ = {isa = PBXFileReference; fileEncoding = 4; lastKnownFileType = sourcecode.c.objc; path = YJCommonTableView.m; sourceTree = "<group>"; };
		14B063461EE92E1E009F86AF /* YJFormTableStyleConfig.h */ = {isa = PBXFileReference; fileEncoding = 4; lastKnownFileType = sourcecode.c.h; path = YJFormTableStyleConfig.h; sourceTree = "<group>"; };
		14B063471EE92E1E009F86AF /* YJFormTableStyleConfig.m */ = {isa = PBXFileReference; fileEncoding = 4; lastKnownFileType = sourcecode.c.objc; path = YJFormTableStyleConfig.m; sourceTree = "<group>"; };
		14B063491EE92E1E009F86AF /* YJFormTableViewController.h */ = {isa = PBXFileReference; fileEncoding = 4; lastKnownFileType = sourcecode.c.h; path = YJFormTableViewController.h; sourceTree = "<group>"; };
		14B0634A1EE92E1E009F86AF /* YJFormTableViewController.m */ = {isa = PBXFileReference; fileEncoding = 4; lastKnownFileType = sourcecode.c.objc; path = YJFormTableViewController.m; sourceTree = "<group>"; };
		14B0634C1EE92E1E009F86AF /* YJFormGroup.h */ = {isa = PBXFileReference; fileEncoding = 4; lastKnownFileType = sourcecode.c.h; path = YJFormGroup.h; sourceTree = "<group>"; };
		14B0634D1EE92E1E009F86AF /* YJFormGroup.m */ = {isa = PBXFileReference; fileEncoding = 4; lastKnownFileType = sourcecode.c.objc; path = YJFormGroup.m; sourceTree = "<group>"; };
		14B0634E1EE92E1E009F86AF /* YJFormItem.h */ = {isa = PBXFileReference; fileEncoding = 4; lastKnownFileType = sourcecode.c.h; path = YJFormItem.h; sourceTree = "<group>"; };
		14B0634F1EE92E1E009F86AF /* YJFormItem.m */ = {isa = PBXFileReference; fileEncoding = 4; lastKnownFileType = sourcecode.c.objc; path = YJFormItem.m; sourceTree = "<group>"; };
		14B063511EE92E1E009F86AF /* YJFormBaseCell.h */ = {isa = PBXFileReference; fileEncoding = 4; lastKnownFileType = sourcecode.c.h; path = YJFormBaseCell.h; sourceTree = "<group>"; };
		14B063521EE92E1E009F86AF /* YJFormBaseCell.m */ = {isa = PBXFileReference; fileEncoding = 4; lastKnownFileType = sourcecode.c.objc; path = YJFormBaseCell.m; sourceTree = "<group>"; };
		14B063531EE92E1E009F86AF /* YJFormCustomCell.h */ = {isa = PBXFileReference; fileEncoding = 4; lastKnownFileType = sourcecode.c.h; path = YJFormCustomCell.h; sourceTree = "<group>"; };
		14B063541EE92E1E009F86AF /* YJFormCustomCell.m */ = {isa = PBXFileReference; fileEncoding = 4; lastKnownFileType = sourcecode.c.objc; path = YJFormCustomCell.m; sourceTree = "<group>"; };
		14B063551EE92E1E009F86AF /* YJFormTableView.h */ = {isa = PBXFileReference; fileEncoding = 4; lastKnownFileType = sourcecode.c.h; path = YJFormTableView.h; sourceTree = "<group>"; };
		14B063561EE92E1E009F86AF /* YJFormTableView.m */ = {isa = PBXFileReference; fileEncoding = 4; lastKnownFileType = sourcecode.c.objc; path = YJFormTableView.m; sourceTree = "<group>"; };
		14B063571EE92E1E009F86AF /* YJFormTFCell.h */ = {isa = PBXFileReference; fileEncoding = 4; lastKnownFileType = sourcecode.c.h; path = YJFormTFCell.h; sourceTree = "<group>"; };
		14B063581EE92E1E009F86AF /* YJFormTFCell.m */ = {isa = PBXFileReference; fileEncoding = 4; lastKnownFileType = sourcecode.c.objc; path = YJFormTFCell.m; sourceTree = "<group>"; };
		14B063591EE92E1E009F86AF /* YJFormTFDelegate.h */ = {isa = PBXFileReference; fileEncoding = 4; lastKnownFileType = sourcecode.c.h; path = YJFormTFDelegate.h; sourceTree = "<group>"; };
		14B063761EE930BD009F86AF /* YJCenterButtonCell.h */ = {isa = PBXFileReference; fileEncoding = 4; lastKnownFileType = sourcecode.c.h; path = YJCenterButtonCell.h; sourceTree = "<group>"; };
		14B063771EE930BD009F86AF /* YJCenterButtonCell.m */ = {isa = PBXFileReference; fileEncoding = 4; lastKnownFileType = sourcecode.c.objc; path = YJCenterButtonCell.m; sourceTree = "<group>"; };
		14B0637E1EE9339B009F86AF /* RegisterFormModel.h */ = {isa = PBXFileReference; fileEncoding = 4; lastKnownFileType = sourcecode.c.h; path = RegisterFormModel.h; sourceTree = "<group>"; };
		14B0637F1EE9339B009F86AF /* RegisterFormModel.m */ = {isa = PBXFileReference; fileEncoding = 4; lastKnownFileType = sourcecode.c.objc; path = RegisterFormModel.m; sourceTree = "<group>"; };
		14B063801EE9339B009F86AF /* RegisterViewController.h */ = {isa = PBXFileReference; fileEncoding = 4; lastKnownFileType = sourcecode.c.h; path = RegisterViewController.h; sourceTree = "<group>"; };
		14B063811EE9339B009F86AF /* RegisterViewController.m */ = {isa = PBXFileReference; fileEncoding = 4; lastKnownFileType = sourcecode.c.objc; path = RegisterViewController.m; sourceTree = "<group>"; };
		14B063831EE9339B009F86AF /* FontsizeViewController.h */ = {isa = PBXFileReference; fileEncoding = 4; lastKnownFileType = sourcecode.c.h; path = FontsizeViewController.h; sourceTree = "<group>"; };
		14B063841EE9339B009F86AF /* FontsizeViewController.m */ = {isa = PBXFileReference; fileEncoding = 4; lastKnownFileType = sourcecode.c.objc; path = FontsizeViewController.m; sourceTree = "<group>"; };
		14B063851EE9339B009F86AF /* GeneralViewController.h */ = {isa = PBXFileReference; fileEncoding = 4; lastKnownFileType = sourcecode.c.h; path = GeneralViewController.h; sourceTree = "<group>"; };
		14B063861EE9339B009F86AF /* GeneralViewController.m */ = {isa = PBXFileReference; fileEncoding = 4; lastKnownFileType = sourcecode.c.objc; path = GeneralViewController.m; sourceTree = "<group>"; };
		14B063871EE9339B009F86AF /* IconQualityViewController.h */ = {isa = PBXFileReference; fileEncoding = 4; lastKnownFileType = sourcecode.c.h; path = IconQualityViewController.h; sourceTree = "<group>"; };
		14B063881EE9339B009F86AF /* IconQualityViewController.m */ = {isa = PBXFileReference; fileEncoding = 4; lastKnownFileType = sourcecode.c.objc; path = IconQualityViewController.m; sourceTree = "<group>"; };
		14B063891EE9339B009F86AF /* LanguageViewController.h */ = {isa = PBXFileReference; fileEncoding = 4; lastKnownFileType = sourcecode.c.h; path = LanguageViewController.h; sourceTree = "<group>"; };
		14B0638A1EE9339B009F86AF /* LanguageViewController.m */ = {isa = PBXFileReference; fileEncoding = 4; lastKnownFileType = sourcecode.c.objc; path = LanguageViewController.m; sourceTree = "<group>"; };
		14B0638B1EE9339B009F86AF /* NotificationViewController.h */ = {isa = PBXFileReference; fileEncoding = 4; lastKnownFileType = sourcecode.c.h; path = NotificationViewController.h; sourceTree = "<group>"; };
		14B0638C1EE9339B009F86AF /* NotificationViewController.m */ = {isa = PBXFileReference; fileEncoding = 4; lastKnownFileType = sourcecode.c.objc; path = NotificationViewController.m; sourceTree = "<group>"; };
		14B0638D1EE9339B009F86AF /* ReadModeViewController.h */ = {isa = PBXFileReference; fileEncoding = 4; lastKnownFileType = sourcecode.c.h; path = ReadModeViewController.h; sourceTree = "<group>"; };
		14B0638E1EE9339B009F86AF /* ReadModeViewController.m */ = {isa = PBXFileReference; fileEncoding = 4; lastKnownFileType = sourcecode.c.objc; path = ReadModeViewController.m; sourceTree = "<group>"; };
		14B0638F1EE9339B009F86AF /* SettingViewController.h */ = {isa = PBXFileReference; fileEncoding = 4; lastKnownFileType = sourcecode.c.h; path = SettingViewController.h; sourceTree = "<group>"; };
		14B063901EE9339B009F86AF /* SettingViewController.m */ = {isa = PBXFileReference; fileEncoding = 4; lastKnownFileType = sourcecode.c.objc; path = SettingViewController.m; sourceTree = "<group>"; };
/* End PBXFileReference section */

/* Begin PBXFrameworksBuildPhase section */
		14B062F51EE92C5E009F86AF /* Frameworks */ = {
			isa = PBXFrameworksBuildPhase;
			buildActionMask = 2147483647;
			files = (
			);
			runOnlyForDeploymentPostprocessing = 0;
		};
/* End PBXFrameworksBuildPhase section */

/* Begin PBXGroup section */
		14B062EF1EE92C5E009F86AF = {
			isa = PBXGroup;
			children = (
				14B062FA1EE92C5E009F86AF /* YJTemplateTableExample */,
				14B062F91EE92C5E009F86AF /* Products */,
			);
			sourceTree = "<group>";
		};
		14B062F91EE92C5E009F86AF /* Products */ = {
			isa = PBXGroup;
			children = (
				14B062F81EE92C5E009F86AF /* YJTemplateTableExample.app */,
			);
			name = Products;
			sourceTree = "<group>";
		};
		14B062FA1EE92C5E009F86AF /* YJTemplateTableExample */ = {
			isa = PBXGroup;
			children = (
				14B0637C1EE9339B009F86AF /* Demo */,
				14B063271EE92E1E009F86AF /* YJTemplateTable */,
				14B062FE1EE92C5E009F86AF /* AppDelegate.h */,
				14B062FF1EE92C5E009F86AF /* AppDelegate.m */,
				14B063011EE92C5E009F86AF /* ViewController.h */,
				14B063021EE92C5F009F86AF /* ViewController.m */,
				14B063041EE92C5F009F86AF /* Main.storyboard */,
				14B063071EE92C5F009F86AF /* Assets.xcassets */,
				14B063091EE92C5F009F86AF /* LaunchScreen.storyboard */,
				14B0630C1EE92C5F009F86AF /* Info.plist */,
				14B062FB1EE92C5E009F86AF /* Supporting Files */,
			);
			path = YJTemplateTableExample;
			sourceTree = "<group>";
		};
		14B062FB1EE92C5E009F86AF /* Supporting Files */ = {
			isa = PBXGroup;
			children = (
				14B062FC1EE92C5E009F86AF /* main.m */,
			);
			name = "Supporting Files";
			sourceTree = "<group>";
		};
		14B063271EE92E1E009F86AF /* YJTemplateTable */ = {
			isa = PBXGroup;
			children = (
				14B063281EE92E1E009F86AF /* Category */,
				14B0632B1EE92E1E009F86AF /* YJCommonTable */,
				14B063441EE92E1E009F86AF /* YJFormTable */,
			);
			path = YJTemplateTable;
			sourceTree = "<group>";
		};
		14B063281EE92E1E009F86AF /* Category */ = {
			isa = PBXGroup;
			children = (
				14B063291EE92E1E009F86AF /* UIView+Frame.h */,
				14B0632A1EE92E1E009F86AF /* UIView+Frame.m */,
			);
			path = Category;
			sourceTree = "<group>";
		};
		14B0632B1EE92E1E009F86AF /* YJCommonTable */ = {
			isa = PBXGroup;
			children = (
				14B0632C1EE92E1E009F86AF /* Const */,
				14B0632F1EE92E1E009F86AF /* Controllers */,
				14B063321EE92E1E009F86AF /* Models */,
				14B063371EE92E1E009F86AF /* Resources */,
				14B063391EE92E1E009F86AF /* Views */,
			);
			path = YJCommonTable;
			sourceTree = "<group>";
		};
		14B0632C1EE92E1E009F86AF /* Const */ = {
			isa = PBXGroup;
			children = (
				14B0632D1EE92E1E009F86AF /* YJCommonTableStyleConfig.h */,
				14B0632E1EE92E1E009F86AF /* YJCommonTableStyleConfig.m */,
			);
			path = Const;
			sourceTree = "<group>";
		};
		14B0632F1EE92E1E009F86AF /* Controllers */ = {
			isa = PBXGroup;
			children = (
				14B063301EE92E1E009F86AF /* YJCommonTableViewController.h */,
				14B063311EE92E1E009F86AF /* YJCommonTableViewController.m */,
			);
			path = Controllers;
			sourceTree = "<group>";
		};
		14B063321EE92E1E009F86AF /* Models */ = {
			isa = PBXGroup;
			children = (
				14B063331EE92E1E009F86AF /* YJCommonGroup.h */,
				14B063341EE92E1E009F86AF /* YJCommonGroup.m */,
				14B063351EE92E1E009F86AF /* YJCommonItem.h */,
				14B063361EE92E1E009F86AF /* YJCommonItem.m */,
			);
			path = Models;
			sourceTree = "<group>";
		};
		14B063371EE92E1E009F86AF /* Resources */ = {
			isa = PBXGroup;
			children = (
				14B063381EE92E1E009F86AF /* YJCustomTable.bundle */,
			);
			path = Resources;
			sourceTree = "<group>";
		};
		14B063391EE92E1E009F86AF /* Views */ = {
			isa = PBXGroup;
			children = (
				14B0633A1EE92E1E009F86AF /* YJBadgeButton.h */,
				14B0633B1EE92E1E009F86AF /* YJBadgeButton.m */,
				14B0633C1EE92E1E009F86AF /* YJCommonBaseCell.h */,
				14B0633D1EE92E1E009F86AF /* YJCommonBaseCell.m */,
				14B0633E1EE92E1E009F86AF /* YJCommonCell.h */,
				14B0633F1EE92E1E009F86AF /* YJCommonCell.m */,
				14B063401EE92E1E009F86AF /* YJCommonCustomCell.h */,
				14B063411EE92E1E009F86AF /* YJCommonCustomCell.m */,
				14B063761EE930BD009F86AF /* YJCenterButtonCell.h */,
				14B063771EE930BD009F86AF /* YJCenterButtonCell.m */,
				14B063421EE92E1E009F86AF /* YJCommonTableView.h */,
				14B063431EE92E1E009F86AF /* YJCommonTableView.m */,
			);
			path = Views;
			sourceTree = "<group>";
		};
		14B063441EE92E1E009F86AF /* YJFormTable */ = {
			isa = PBXGroup;
			children = (
				14B063451EE92E1E009F86AF /* Const */,
				14B063481EE92E1E009F86AF /* Controllers */,
				14B0634B1EE92E1E009F86AF /* Models */,
				14B063501EE92E1E009F86AF /* Views */,
			);
			path = YJFormTable;
			sourceTree = "<group>";
		};
		14B063451EE92E1E009F86AF /* Const */ = {
			isa = PBXGroup;
			children = (
				14B063461EE92E1E009F86AF /* YJFormTableStyleConfig.h */,
				14B063471EE92E1E009F86AF /* YJFormTableStyleConfig.m */,
			);
			path = Const;
			sourceTree = "<group>";
		};
		14B063481EE92E1E009F86AF /* Controllers */ = {
			isa = PBXGroup;
			children = (
				14B063491EE92E1E009F86AF /* YJFormTableViewController.h */,
				14B0634A1EE92E1E009F86AF /* YJFormTableViewController.m */,
			);
			path = Controllers;
			sourceTree = "<group>";
		};
		14B0634B1EE92E1E009F86AF /* Models */ = {
			isa = PBXGroup;
			children = (
				14B0634C1EE92E1E009F86AF /* YJFormGroup.h */,
				14B0634D1EE92E1E009F86AF /* YJFormGroup.m */,
				14B0634E1EE92E1E009F86AF /* YJFormItem.h */,
				14B0634F1EE92E1E009F86AF /* YJFormItem.m */,
			);
			path = Models;
			sourceTree = "<group>";
		};
		14B063501EE92E1E009F86AF /* Views */ = {
			isa = PBXGroup;
			children = (
				14B063511EE92E1E009F86AF /* YJFormBaseCell.h */,
				14B063521EE92E1E009F86AF /* YJFormBaseCell.m */,
				14B063531EE92E1E009F86AF /* YJFormCustomCell.h */,
				14B063541EE92E1E009F86AF /* YJFormCustomCell.m */,
				14B063551EE92E1E009F86AF /* YJFormTableView.h */,
				14B063561EE92E1E009F86AF /* YJFormTableView.m */,
				14B063571EE92E1E009F86AF /* YJFormTFCell.h */,
				14B063581EE92E1E009F86AF /* YJFormTFCell.m */,
				14B063591EE92E1E009F86AF /* YJFormTFDelegate.h */,
			);
			path = Views;
			sourceTree = "<group>";
		};
		14B0637C1EE9339B009F86AF /* Demo */ = {
			isa = PBXGroup;
			children = (
				14B0637D1EE9339B009F86AF /* FormDemo */,
				14B063821EE9339B009F86AF /* SettingDemo */,
			);
			path = Demo;
			sourceTree = "<group>";
		};
		14B0637D1EE9339B009F86AF /* FormDemo */ = {
			isa = PBXGroup;
			children = (
				14B0637E1EE9339B009F86AF /* RegisterFormModel.h */,
				14B0637F1EE9339B009F86AF /* RegisterFormModel.m */,
				14B063801EE9339B009F86AF /* RegisterViewController.h */,
				14B063811EE9339B009F86AF /* RegisterViewController.m */,
			);
			path = FormDemo;
			sourceTree = "<group>";
		};
		14B063821EE9339B009F86AF /* SettingDemo */ = {
			isa = PBXGroup;
			children = (
				14B063831EE9339B009F86AF /* FontsizeViewController.h */,
				14B063841EE9339B009F86AF /* FontsizeViewController.m */,
				14B063851EE9339B009F86AF /* GeneralViewController.h */,
				14B063861EE9339B009F86AF /* GeneralViewController.m */,
				14B063871EE9339B009F86AF /* IconQualityViewController.h */,
				14B063881EE9339B009F86AF /* IconQualityViewController.m */,
				14B063891EE9339B009F86AF /* LanguageViewController.h */,
				14B0638A1EE9339B009F86AF /* LanguageViewController.m */,
				14B0638B1EE9339B009F86AF /* NotificationViewController.h */,
				14B0638C1EE9339B009F86AF /* NotificationViewController.m */,
				14B0638D1EE9339B009F86AF /* ReadModeViewController.h */,
				14B0638E1EE9339B009F86AF /* ReadModeViewController.m */,
				14B0638F1EE9339B009F86AF /* SettingViewController.h */,
				14B063901EE9339B009F86AF /* SettingViewController.m */,
			);
			path = SettingDemo;
			sourceTree = "<group>";
		};
/* End PBXGroup section */

/* Begin PBXNativeTarget section */
		14B062F71EE92C5E009F86AF /* YJTemplateTableExample */ = {
			isa = PBXNativeTarget;
			buildConfigurationList = 14B0630F1EE92C5F009F86AF /* Build configuration list for PBXNativeTarget "YJTemplateTableExample" */;
			buildPhases = (
				14B062F41EE92C5E009F86AF /* Sources */,
				14B062F51EE92C5E009F86AF /* Frameworks */,
				14B062F61EE92C5E009F86AF /* Resources */,
			);
			buildRules = (
			);
			dependencies = (
			);
			name = YJTemplateTableExample;
			productName = YJTemplateTableExample;
			productReference = 14B062F81EE92C5E009F86AF /* YJTemplateTableExample.app */;
			productType = "com.apple.product-type.application";
		};
/* End PBXNativeTarget section */

/* Begin PBXProject section */
		14B062F01EE92C5E009F86AF /* Project object */ = {
			isa = PBXProject;
			attributes = {
				LastUpgradeCheck = 0830;
				ORGANIZATIONNAME = Jeremiah;
				TargetAttributes = {
					14B062F71EE92C5E009F86AF = {
						CreatedOnToolsVersion = 8.3.2;
						ProvisioningStyle = Manual;
					};
				};
			};
			buildConfigurationList = 14B062F31EE92C5E009F86AF /* Build configuration list for PBXProject "YJTemplateTableExample" */;
			compatibilityVersion = "Xcode 3.2";
			developmentRegion = English;
			hasScannedForEncodings = 0;
			knownRegions = (
				en,
				Base,
			);
			mainGroup = 14B062EF1EE92C5E009F86AF;
			productRefGroup = 14B062F91EE92C5E009F86AF /* Products */;
			projectDirPath = "";
			projectRoot = "";
			targets = (
				14B062F71EE92C5E009F86AF /* YJTemplateTableExample */,
			);
		};
/* End PBXProject section */

/* Begin PBXResourcesBuildPhase section */
		14B062F61EE92C5E009F86AF /* Resources */ = {
			isa = PBXResourcesBuildPhase;
			buildActionMask = 2147483647;
			files = (
				14B0630B1EE92C5F009F86AF /* LaunchScreen.storyboard in Resources */,
				14B063081EE92C5F009F86AF /* Assets.xcassets in Resources */,
				14B063681EE92E1E009F86AF /* YJCustomTable.bundle in Resources */,
				14B063061EE92C5F009F86AF /* Main.storyboard in Resources */,
			);
			runOnlyForDeploymentPostprocessing = 0;
		};
/* End PBXResourcesBuildPhase section */

/* Begin PBXSourcesBuildPhase section */
		14B062F41EE92C5E009F86AF /* Sources */ = {
			isa = PBXSourcesBuildPhase;
			buildActionMask = 2147483647;
			files = (
				14B063931EE9339B009F86AF /* FontsizeViewController.m in Sources */,
				14B063941EE9339B009F86AF /* GeneralViewController.m in Sources */,
				14B063701EE92E1E009F86AF /* YJFormGroup.m in Sources */,
				14B063731EE92E1E009F86AF /* YJFormCustomCell.m in Sources */,
				14B0636C1EE92E1E009F86AF /* YJCommonCustomCell.m in Sources */,
				14B063971EE9339B009F86AF /* NotificationViewController.m in Sources */,
				14B063721EE92E1E009F86AF /* YJFormBaseCell.m in Sources */,
				14B063981EE9339B009F86AF /* ReadModeViewController.m in Sources */,
				14B063671EE92E1E009F86AF /* YJCommonItem.m in Sources */,
				14B063641EE92E1E009F86AF /* YJCommonTableStyleConfig.m in Sources */,
				14B0636D1EE92E1E009F86AF /* YJCommonTableView.m in Sources */,
				14B063921EE9339B009F86AF /* RegisterViewController.m in Sources */,
				14B063661EE92E1E009F86AF /* YJCommonGroup.m in Sources */,
				14B0636B1EE92E1E009F86AF /* YJCommonCell.m in Sources */,
				14B063991EE9339B009F86AF /* SettingViewController.m in Sources */,
				14B063651EE92E1E009F86AF /* YJCommonTableViewController.m in Sources */,
				14B063741EE92E1E009F86AF /* YJFormTableView.m in Sources */,
				14B063781EE930BD009F86AF /* YJCenterButtonCell.m in Sources */,
				14B063631EE92E1E009F86AF /* UIView+Frame.m in Sources */,
				14B063691EE92E1E009F86AF /* YJBadgeButton.m in Sources */,
				14B063711EE92E1E009F86AF /* YJFormItem.m in Sources */,
				14B063751EE92E1E009F86AF /* YJFormTFCell.m in Sources */,
				14B063951EE9339B009F86AF /* IconQualityViewController.m in Sources */,
				14B063031EE92C5F009F86AF /* ViewController.m in Sources */,
				14B063001EE92C5E009F86AF /* AppDelegate.m in Sources */,
				14B063961EE9339B009F86AF /* LanguageViewController.m in Sources */,
				14B062FD1EE92C5E009F86AF /* main.m in Sources */,
				14B0636A1EE92E1E009F86AF /* YJCommonBaseCell.m in Sources */,
				14B0636F1EE92E1E009F86AF /* YJFormTableViewController.m in Sources */,
				14B063911EE9339B009F86AF /* RegisterFormModel.m in Sources */,
				14B0636E1EE92E1E009F86AF /* YJFormTableStyleConfig.m in Sources */,
			);
			runOnlyForDeploymentPostprocessing = 0;
		};
/* End PBXSourcesBuildPhase section */

/* Begin PBXVariantGroup section */
		14B063041EE92C5F009F86AF /* Main.storyboard */ = {
			isa = PBXVariantGroup;
			children = (
				14B063051EE92C5F009F86AF /* Base */,
			);
			name = Main.storyboard;
			sourceTree = "<group>";
		};
		14B063091EE92C5F009F86AF /* LaunchScreen.storyboard */ = {
			isa = PBXVariantGroup;
			children = (
				14B0630A1EE92C5F009F86AF /* Base */,
			);
			name = LaunchScreen.storyboard;
			sourceTree = "<group>";
		};
/* End PBXVariantGroup section */

/* Begin XCBuildConfiguration section */
		14B0630D1EE92C5F009F86AF /* Debug */ = {
			isa = XCBuildConfiguration;
			buildSettings = {
				ALWAYS_SEARCH_USER_PATHS = NO;
				CLANG_ANALYZER_NONNULL = YES;
				CLANG_ANALYZER_NUMBER_OBJECT_CONVERSION = YES_AGGRESSIVE;
				CLANG_CXX_LANGUAGE_STANDARD = "gnu++0x";
				CLANG_CXX_LIBRARY = "libc++";
				CLANG_ENABLE_MODULES = YES;
				CLANG_ENABLE_OBJC_ARC = YES;
				CLANG_WARN_BOOL_CONVERSION = YES;
				CLANG_WARN_CONSTANT_CONVERSION = YES;
				CLANG_WARN_DIRECT_OBJC_ISA_USAGE = YES_ERROR;
				CLANG_WARN_DOCUMENTATION_COMMENTS = YES;
				CLANG_WARN_EMPTY_BODY = YES;
				CLANG_WARN_ENUM_CONVERSION = YES;
				CLANG_WARN_INFINITE_RECURSION = YES;
				CLANG_WARN_INT_CONVERSION = YES;
				CLANG_WARN_OBJC_ROOT_CLASS = YES_ERROR;
				CLANG_WARN_SUSPICIOUS_MOVE = YES;
				CLANG_WARN_UNREACHABLE_CODE = YES;
				CLANG_WARN__DUPLICATE_METHOD_MATCH = YES;
				"CODE_SIGN_IDENTITY[sdk=iphoneos*]" = "iPhone Developer";
				COPY_PHASE_STRIP = NO;
				DEBUG_INFORMATION_FORMAT = dwarf;
				ENABLE_STRICT_OBJC_MSGSEND = YES;
				ENABLE_TESTABILITY = YES;
				GCC_C_LANGUAGE_STANDARD = gnu99;
				GCC_DYNAMIC_NO_PIC = NO;
				GCC_NO_COMMON_BLOCKS = YES;
				GCC_OPTIMIZATION_LEVEL = 0;
				GCC_PREPROCESSOR_DEFINITIONS = (
					"DEBUG=1",
					"$(inherited)",
				);
				GCC_WARN_64_TO_32_BIT_CONVERSION = YES;
				GCC_WARN_ABOUT_RETURN_TYPE = YES_ERROR;
				GCC_WARN_UNDECLARED_SELECTOR = YES;
				GCC_WARN_UNINITIALIZED_AUTOS = YES_AGGRESSIVE;
				GCC_WARN_UNUSED_FUNCTION = YES;
				GCC_WARN_UNUSED_VARIABLE = YES;
				IPHONEOS_DEPLOYMENT_TARGET = 10.3;
				MTL_ENABLE_DEBUG_INFO = YES;
				ONLY_ACTIVE_ARCH = YES;
				SDKROOT = iphoneos;
			};
			name = Debug;
		};
		14B0630E1EE92C5F009F86AF /* Release */ = {
			isa = XCBuildConfiguration;
			buildSettings = {
				ALWAYS_SEARCH_USER_PATHS = NO;
				CLANG_ANALYZER_NONNULL = YES;
				CLANG_ANALYZER_NUMBER_OBJECT_CONVERSION = YES_AGGRESSIVE;
				CLANG_CXX_LANGUAGE_STANDARD = "gnu++0x";
				CLANG_CXX_LIBRARY = "libc++";
				CLANG_ENABLE_MODULES = YES;
				CLANG_ENABLE_OBJC_ARC = YES;
				CLANG_WARN_BOOL_CONVERSION = YES;
				CLANG_WARN_CONSTANT_CONVERSION = YES;
				CLANG_WARN_DIRECT_OBJC_ISA_USAGE = YES_ERROR;
				CLANG_WARN_DOCUMENTATION_COMMENTS = YES;
				CLANG_WARN_EMPTY_BODY = YES;
				CLANG_WARN_ENUM_CONVERSION = YES;
				CLANG_WARN_INFINITE_RECURSION = YES;
				CLANG_WARN_INT_CONVERSION = YES;
				CLANG_WARN_OBJC_ROOT_CLASS = YES_ERROR;
				CLANG_WARN_SUSPICIOUS_MOVE = YES;
				CLANG_WARN_UNREACHABLE_CODE = YES;
				CLANG_WARN__DUPLICATE_METHOD_MATCH = YES;
				"CODE_SIGN_IDENTITY[sdk=iphoneos*]" = "iPhone Developer";
				COPY_PHASE_STRIP = NO;
				DEBUG_INFORMATION_FORMAT = "dwarf-with-dsym";
				ENABLE_NS_ASSERTIONS = NO;
				ENABLE_STRICT_OBJC_MSGSEND = YES;
				GCC_C_LANGUAGE_STANDARD = gnu99;
				GCC_NO_COMMON_BLOCKS = YES;
				GCC_WARN_64_TO_32_BIT_CONVERSION = YES;
				GCC_WARN_ABOUT_RETURN_TYPE = YES_ERROR;
				GCC_WARN_UNDECLARED_SELECTOR = YES;
				GCC_WARN_UNINITIALIZED_AUTOS = YES_AGGRESSIVE;
				GCC_WARN_UNUSED_FUNCTION = YES;
				GCC_WARN_UNUSED_VARIABLE = YES;
				IPHONEOS_DEPLOYMENT_TARGET = 10.3;
				MTL_ENABLE_DEBUG_INFO = NO;
				SDKROOT = iphoneos;
				VALIDATE_PRODUCT = YES;
			};
			name = Release;
		};
		14B063101EE92C5F009F86AF /* Debug */ = {
			isa = XCBuildConfiguration;
			buildSettings = {
				ASSETCATALOG_COMPILER_APPICON_NAME = AppIcon;
				DEVELOPMENT_TEAM = "";
				INFOPLIST_FILE = YJTemplateTableExample/Info.plist;
				IPHONEOS_DEPLOYMENT_TARGET = 8.0;
				LD_RUNPATH_SEARCH_PATHS = "$(inherited) @executable_path/Frameworks";
				PRODUCT_BUNDLE_IDENTIFIER = com.jeremiah.YJTemplateTableExample;
				PRODUCT_NAME = "$(TARGET_NAME)";
				PROVISIONING_PROFILE_SPECIFIER = "";
			};
			name = Debug;
		};
		14B063111EE92C5F009F86AF /* Release */ = {
			isa = XCBuildConfiguration;
			buildSettings = {
				ASSETCATALOG_COMPILER_APPICON_NAME = AppIcon;
				DEVELOPMENT_TEAM = "";
				INFOPLIST_FILE = YJTemplateTableExample/Info.plist;
				IPHONEOS_DEPLOYMENT_TARGET = 8.0;
				LD_RUNPATH_SEARCH_PATHS = "$(inherited) @executable_path/Frameworks";
				PRODUCT_BUNDLE_IDENTIFIER = com.jeremiah.YJTemplateTableExample;
				PRODUCT_NAME = "$(TARGET_NAME)";
				PROVISIONING_PROFILE_SPECIFIER = "";
			};
			name = Release;
		};
/* End XCBuildConfiguration section */

/* Begin XCConfigurationList section */
		14B062F31EE92C5E009F86AF /* Build configuration list for PBXProject "YJTemplateTableExample" */ = {
			isa = XCConfigurationList;
			buildConfigurations = (
				14B0630D1EE92C5F009F86AF /* Debug */,
				14B0630E1EE92C5F009F86AF /* Release */,
			);
			defaultConfigurationIsVisible = 0;
			defaultConfigurationName = Release;
		};
		14B0630F1EE92C5F009F86AF /* Build configuration list for PBXNativeTarget "YJTemplateTableExample" */ = {
			isa = XCConfigurationList;
			buildConfigurations = (
				14B063101EE92C5F009F86AF /* Debug */,
				14B063111EE92C5F009F86AF /* Release */,
			);
			defaultConfigurationIsVisible = 0;
			defaultConfigurationName = Release;
		};
/* End XCConfigurationList section */
	};
	rootObject = 14B062F01EE92C5E009F86AF /* Project object */;
}
